
Microsoft Visual Studio Solution File, Format Version 12.00
# Visual Studio Version 16
VisualStudioVersion = 16.0.31515.178
MinimumVisualStudioVersion = 10.0.40219.1
Project("{FAE04EC0-301F-11D3-BF4B-00C04F79EFBC}") = "MVC_CRUD", "MVC_CRUD\MVC_CRUD.csproj", "{44DC12D1-1B82-4016-9773-6904073B86CF}"
EndProject
Global
	GlobalSection(SolutionConfigurationPlatforms) = preSolution
		Debug|Any CPU = Debug|Any CPU
		Release|Any CPU = Release|Any CPU
	EndGlobalSection
	GlobalSection(ProjectConfigurationPlatforms) = postSolution
		{44DC12D1-1B82-4016-9773-6904073B86CF}.Debug|Any CPU.ActiveCfg = Debug|Any CPU
		{44DC12D1-1B82-4016-9773-6904073B86CF}.Debug|Any CPU.Build.0 = Debug|Any CPU
		{44DC12D1-1B82-4016-9773-6904073B86CF}.Release|Any CPU.ActiveCfg = Release|Any CPU
		{44DC12D1-1B82-4016-9773-6904073B86CF}.Release|Any CPU.Build.0 = Release|Any CPU
	EndGlobalSection
	GlobalSection(SolutionProperties) = preSolution
		HideSolutionNode = FALSE
	EndGlobalSection
	GlobalSection(ExtensibilityGlobals) = postSolution
		SolutionGuid = {866DA27C-D7C8-4713-9BFE-EE91882C10A9}
	EndGlobalSection
EndGlobal
